// !$*UTF8*$!
{
	archiveVersion = 1;
	classes = {
	};
	objectVersion = 50;
	objects = {

/* Begin PBXBuildFile section */
		69E0F1702434398700E52E12 /* AppDelegate.swift in Sources */ = {isa = PBXBuildFile; fileRef = 69E0F16F2434398700E52E12 /* AppDelegate.swift */; };
		69E0F1762434398700E52E12 /* GameScene.swift in Sources */ = {isa = PBXBuildFile; fileRef = 69E0F1752434398700E52E12 /* GameScene.swift */; };
		69E0F1782434398700E52E12 /* ViewController.swift in Sources */ = {isa = PBXBuildFile; fileRef = 69E0F1772434398700E52E12 /* ViewController.swift */; };
		69E0F17A2434398900E52E12 /* Assets.xcassets in Resources */ = {isa = PBXBuildFile; fileRef = 69E0F1792434398900E52E12 /* Assets.xcassets */; };
		69E0F17D2434398900E52E12 /* Main.storyboard in Resources */ = {isa = PBXBuildFile; fileRef = 69E0F17B2434398900E52E12 /* Main.storyboard */; };
		69E0F186243439D900E52E12 /* State.swift in Sources */ = {isa = PBXBuildFile; fileRef = 69E0F185243439D900E52E12 /* State.swift */; };
/* End PBXBuildFile section */

/* Begin PBXFileReference section */
		69E0F16C2434398700E52E12 /* StateMachineMacOS.app */ = {isa = PBXFileReference; explicitFileType = wrapper.application; includeInIndex = 0; path = StateMachineMacOS.app; sourceTree = BUILT_PRODUCTS_DIR; };
		69E0F16F2434398700E52E12 /* AppDelegate.swift */ = {isa = PBXFileReference; lastKnownFileType = sourcecode.swift; path = AppDelegate.swift; sourceTree = "<group>"; };
		69E0F1752434398700E52E12 /* GameScene.swift */ = {isa = PBXFileReference; lastKnownFileType = sourcecode.swift; path = GameScene.swift; sourceTree = "<group>"; };
		69E0F1772434398700E52E12 /* ViewController.swift */ = {isa = PBXFileReference; lastKnownFileType = sourcecode.swift; path = ViewController.swift; sourceTree = "<group>"; };
		69E0F1792434398900E52E12 /* Assets.xcassets */ = {isa = PBXFileReference; lastKnownFileType = folder.assetcatalog; path = Assets.xcassets; sourceTree = "<group>"; };
		69E0F17C2434398900E52E12 /* Base */ = {isa = PBXFileReference; lastKnownFileType = file.storyboard; name = Base; path = Base.lproj/Main.storyboard; sourceTree = "<group>"; };
		69E0F17E2434398900E52E12 /* Info.plist */ = {isa = PBXFileReference; lastKnownFileType = text.plist.xml; path = Info.plist; sourceTree = "<group>"; };
		69E0F17F2434398900E52E12 /* StateMachineMacOS.entitlements */ = {isa = PBXFileReference; lastKnownFileType = text.plist.entitlements; path = StateMachineMacOS.entitlements; sourceTree = "<group>"; };
		69E0F185243439D900E52E12 /* State.swift */ = {isa = PBXFileReference; lastKnownFileType = sourcecode.swift; path = State.swift; sourceTree = "<group>"; };
/* End PBXFileReference section */

/* Begin PBXFrameworksBuildPhase section */
		69E0F1692434398700E52E12 /* Frameworks */ = {
			isa = PBXFrameworksBuildPhase;
			buildActionMask = 2147483647;
			files = (
			);
			runOnlyForDeploymentPostprocessing = 0;
		};
/* End PBXFrameworksBuildPhase section */

/* Begin PBXGroup section */
		69E0F1632434398700E52E12 = {
			isa = PBXGroup;
			children = (
				69E0F16E2434398700E52E12 /* StateMachineMacOS */,
				69E0F16D2434398700E52E12 /* Products */,
			);
			sourceTree = "<group>";
		};
		69E0F16D2434398700E52E12 /* Products */ = {
			isa = PBXGroup;
			children = (
				69E0F16C2434398700E52E12 /* StateMachineMacOS.app */,
			);
			name = Products;
			sourceTree = "<group>";
		};
		69E0F16E2434398700E52E12 /* StateMachineMacOS */ = {
			isa = PBXGroup;
			children = (
				69E0F16F2434398700E52E12 /* AppDelegate.swift */,
				69E0F1AE24343ACE00E52E12 /* GameStates */,
				69E0F1752434398700E52E12 /* GameScene.swift */,
				69E0F1772434398700E52E12 /* ViewController.swift */,
				69E0F1792434398900E52E12 /* Assets.xcassets */,
				69E0F17B2434398900E52E12 /* Main.storyboard */,
				69E0F17E2434398900E52E12 /* Info.plist */,
				69E0F17F2434398900E52E12 /* StateMachineMacOS.entitlements */,
			);
			path = StateMachineMacOS;
			sourceTree = "<group>";
		};
		69E0F1AE24343ACE00E52E12 /* GameStates */ = {
			isa = PBXGroup;
			children = (
				69E0F185243439D900E52E12 /* State.swift */,
			);
			path = GameStates;
			sourceTree = "<group>";
		};
/* End PBXGroup section */

/* Begin PBXNativeTarget section */
		69E0F16B2434398700E52E12 /* StateMachineMacOS */ = {
			isa = PBXNativeTarget;
			buildConfigurationList = 69E0F1822434398900E52E12 /* Build configuration list for PBXNativeTarget "StateMachineMacOS" */;
			buildPhases = (
				69E0F1682434398700E52E12 /* Sources */,
				69E0F1692434398700E52E12 /* Frameworks */,
				69E0F16A2434398700E52E12 /* Resources */,
			);
			buildRules = (
			);
			dependencies = (
			);
			name = StateMachineMacOS;
			productName = StateMachineMacOS;
			productReference = 69E0F16C2434398700E52E12 /* StateMachineMacOS.app */;
			productType = "com.apple.product-type.application";
		};
/* End PBXNativeTarget section */

/* Begin PBXProject section */
		69E0F1642434398700E52E12 /* Project object */ = {
			isa = PBXProject;
			attributes = {
				LastSwiftUpdateCheck = 1140;
				LastUpgradeCheck = 1140;
				TargetAttributes = {
					69E0F16B2434398700E52E12 = {
						CreatedOnToolsVersion = 11.4;
					};
				};
			};
			buildConfigurationList = 69E0F1672434398700E52E12 /* Build configuration list for PBXProject "StateMachineMacOS" */;
			compatibilityVersion = "Xcode 9.3";
			developmentRegion = en;
			hasScannedForEncodings = 0;
			knownRegions = (
				en,
				Base,
			);
			mainGroup = 69E0F1632434398700E52E12;
			productRefGroup = 69E0F16D2434398700E52E12 /* Products */;
			projectDirPath = "";
			projectRoot = "";
			targets = (
				69E0F16B2434398700E52E12 /* StateMachineMacOS */,
			);
		};
/* End PBXProject section */

/* Begin PBXResourcesBuildPhase section */
		69E0F16A2434398700E52E12 /* Resources */ = {
			isa = PBXResourcesBuildPhase;
			buildActionMask = 2147483647;
			files = (
				69E0F17A2434398900E52E12 /* Assets.xcassets in Resources */,
				69E0F17D2434398900E52E12 /* Main.storyboard in Resources */,
			);
			runOnlyForDeploymentPostprocessing = 0;
		};
/* End PBXResourcesBuildPhase section */

/* Begin PBXSourcesBuildPhase section */
		69E0F1682434398700E52E12 /* Sources */ = {
			isa = PBXSourcesBuildPhase;
			buildActionMask = 2147483647;
			files = (
				69E0F1782434398700E52E12 /* ViewController.swift in Sources */,
				69E0F1762434398700E52E12 /* GameScene.swift in Sources */,
				69E0F1702434398700E52E12 /* AppDelegate.swift in Sources */,
				69E0F186243439D900E52E12 /* State.swift in Sources */,
			);
			runOnlyForDeploymentPostprocessing = 0;
		};
/* End PBXSourcesBuildPhase section */

/* Begin PBXVariantGroup section */
		69E0F17B2434398900E52E12 /* Main.storyboard */ = {
			isa = PBXVariantGroup;
			children = (
				69E0F17C2434398900E52E12 /* Base */,
			);
			name = Main.storyboard;
			sourceTree = "<group>";
		};
/* End PBXVariantGroup section */

/* Begin XCBuildConfiguration section */
		69E0F1802434398900E52E12 /* Debug */ = {
			isa = XCBuildConfiguration;
			buildSettings = {
				ALWAYS_SEARCH_USER_PATHS = NO;
				CLANG_ANALYZER_NONNULL = YES;
				CLANG_ANALYZER_NUMBER_OBJECT_CONVERSION = YES_AGGRESSIVE;
				CLANG_CXX_LANGUAGE_STANDARD = "gnu++14";
				CLANG_CXX_LIBRARY = "libc++";
				CLANG_ENABLE_MODULES = YES;
				CLANG_ENABLE_OBJC_ARC = YES;
				CLANG_ENABLE_OBJC_WEAK = YES;
				CLANG_WARN_BLOCK_CAPTURE_AUTORELEASING = YES;
				CLANG_WARN_BOOL_CONVERSION = YES;
				CLANG_WARN_COMMA = YES;
				CLANG_WARN_CONSTANT_CONVERSION = YES;
				CLANG_WARN_DEPRECATED_OBJC_IMPLEMENTATIONS = YES;
				CLANG_WARN_DIRECT_OBJC_ISA_USAGE = YES_ERROR;
				CLANG_WARN_DOCUMENTATION_COMMENTS = YES;
				CLANG_WARN_EMPTY_BODY = YES;
				CLANG_WARN_ENUM_CONVERSION = YES;
				CLANG_WARN_INFINITE_RECURSION = YES;
				CLANG_WARN_INT_CONVERSION = YES;
				CLANG_WARN_NON_LITERAL_NULL_CONVERSION = YES;
				CLANG_WARN_OBJC_IMPLICIT_RETAIN_SELF = YES;
				CLANG_WARN_OBJC_LITERAL_CONVERSION = YES;
				CLANG_WARN_OBJC_ROOT_CLASS = YES_ERROR;
				CLANG_WARN_RANGE_LOOP_ANALYSIS = YES;
				CLANG_WARN_STRICT_PROTOTYPES = YES;
				CLANG_WARN_SUSPICIOUS_MOVE = YES;
				CLANG_WARN_UNGUARDED_AVAILABILITY = YES_AGGRESSIVE;
				CLANG_WARN_UNREACHABLE_CODE = YES;
				CLANG_WARN__DUPLICATE_METHOD_MATCH = YES;
				COPY_PHASE_STRIP = NO;
				DEBUG_INFORMATION_FORMAT = dwarf;
				ENABLE_STRICT_OBJC_MSGSEND = YES;
				ENABLE_TESTABILITY = YES;
				GCC_C_LANGUAGE_STANDARD = gnu11;
				GCC_DYNAMIC_NO_PIC = NO;
				GCC_NO_COMMON_BLOCKS = YES;
				GCC_OPTIMIZATION_LEVEL = 0;
				GCC_PREPROCESSOR_DEFINITIONS = (
					"DEBUG=1",
					"$(inherited)",
				);
				GCC_WARN_64_TO_32_BIT_CONVERSION = YES;
				GCC_WARN_ABOUT_RETURN_TYPE = YES_ERROR;
				GCC_WARN_UNDECLARED_SELECTOR = YES;
				GCC_WARN_UNINITIALIZED_AUTOS = YES_AGGRESSIVE;
				GCC_WARN_UNUSED_FUNCTION = YES;
				GCC_WARN_UNUSED_VARIABLE = YES;
				MACOSX_DEPLOYMENT_TARGET = 10.15;
				MTL_ENABLE_DEBUG_INFO = INCLUDE_SOURCE;
				MTL_FAST_MATH = YES;
				ONLY_ACTIVE_ARCH = YES;
				SDKROOT = macosx;
				SWIFT_ACTIVE_COMPILATION_CONDITIONS = DEBUG;
				SWIFT_OPTIMIZATION_LEVEL = "-Onone";
			};
			name = Debug;
		};
		69E0F1812434398900E52E12 /* Release */ = {
			isa = XCBuildConfiguration;
			buildSettings = {
				ALWAYS_SEARCH_USER_PATHS = NO;
				CLANG_ANALYZER_NONNULL = YES;
				CLANG_ANALYZER_NUMBER_OBJECT_CONVERSION = YES_AGGRESSIVE;
				CLANG_CXX_LANGUAGE_STANDARD = "gnu++14";
				CLANG_CXX_LIBRARY = "libc++";
				CLANG_ENABLE_MODULES = YES;
				CLANG_ENABLE_OBJC_ARC = YES;
				CLANG_ENABLE_OBJC_WEAK = YES;
				CLANG_WARN_BLOCK_CAPTURE_AUTORELEASING = YES;
				CLANG_WARN_BOOL_CONVERSION = YES;
				CLANG_WARN_COMMA = YES;
				CLANG_WARN_CONSTANT_CONVERSION = YES;
				CLANG_WARN_DEPRECATED_OBJC_IMPLEMENTATIONS = YES;
				CLANG_WARN_DIRECT_OBJC_ISA_USAGE = YES_ERROR;
				CLANG_WARN_DOCUMENTATION_COMMENTS = YES;
				CLANG_WARN_EMPTY_BODY = YES;
				CLANG_WARN_ENUM_CONVERSION = YES;
				CLANG_WARN_INFINITE_RECURSION = YES;
				CLANG_WARN_INT_CONVERSION = YES;
				CLANG_WARN_NON_LITERAL_NULL_CONVERSION = YES;
				CLANG_WARN_OBJC_IMPLICIT_RETAIN_SELF = YES;
				CLANG_WARN_OBJC_LITERAL_CONVERSION = YES;
				CLANG_WARN_OBJC_ROOT_CLASS = YES_ERROR;
				CLANG_WARN_RANGE_LOOP_ANALYSIS = YES;
				CLANG_WARN_STRICT_PROTOTYPES = YES;
				CLANG_WARN_SUSPICIOUS_MOVE = YES;
				CLANG_WARN_UNGUARDED_AVAILABILITY = YES_AGGRESSIVE;
				CLANG_WARN_UNREACHABLE_CODE = YES;
				CLANG_WARN__DUPLICATE_METHOD_MATCH = YES;
				COPY_PHASE_STRIP = NO;
				DEBUG_INFORMATION_FORMAT = "dwarf-with-dsym";
				ENABLE_NS_ASSERTIONS = NO;
				ENABLE_STRICT_OBJC_MSGSEND = YES;
				GCC_C_LANGUAGE_STANDARD = gnu11;
				GCC_NO_COMMON_BLOCKS = YES;
				GCC_WARN_64_TO_32_BIT_CONVERSION = YES;
				GCC_WARN_ABOUT_RETURN_TYPE = YES_ERROR;
				GCC_WARN_UNDECLARED_SELECTOR = YES;
				GCC_WARN_UNINITIALIZED_AUTOS = YES_AGGRESSIVE;
				GCC_WARN_UNUSED_FUNCTION = YES;
				GCC_WARN_UNUSED_VARIABLE = YES;
				MACOSX_DEPLOYMENT_TARGET = 10.15;
				MTL_ENABLE_DEBUG_INFO = NO;
				MTL_FAST_MATH = YES;
				SDKROOT = macosx;
				SWIFT_COMPILATION_MODE = wholemodule;
				SWIFT_OPTIMIZATION_LEVEL = "-O";
			};
			name = Release;
		};
		69E0F1832434398900E52E12 /* Debug */ = {
			isa = XCBuildConfiguration;
			buildSettings = {
				ASSETCATALOG_COMPILER_APPICON_NAME = AppIcon;
				CODE_SIGN_ENTITLEMENTS = StateMachineMacOS/StateMachineMacOS.entitlements;
				CODE_SIGN_STYLE = Automatic;
				COMBINE_HIDPI_IMAGES = YES;
				INFOPLIST_FILE = StateMachineMacOS/Info.plist;
				LD_RUNPATH_SEARCH_PATHS = (
					"$(inherited)",
					"@executable_path/../Frameworks",
				);
				PRODUCT_BUNDLE_IDENTIFIER = com.example.StateMachineMacOS;
				PRODUCT_NAME = "$(TARGET_NAME)";
				SWIFT_VERSION = 5.0;
			};
			name = Debug;
		};
		69E0F1842434398900E52E12 /* Release */ = {
			isa = XCBuildConfiguration;
			buildSettings = {
				ASSETCATALOG_COMPILER_APPICON_NAME = AppIcon;
				CODE_SIGN_ENTITLEMENTS = StateMachineMacOS/StateMachineMacOS.entitlements;
				CODE_SIGN_STYLE = Automatic;
				COMBINE_HIDPI_IMAGES = YES;
				INFOPLIST_FILE = StateMachineMacOS/Info.plist;
				LD_RUNPATH_SEARCH_PATHS = (
					"$(inherited)",
					"@executable_path/../Frameworks",
				);
				PRODUCT_BUNDLE_IDENTIFIER = com.example.StateMachineMacOS;
				PRODUCT_NAME = "$(TARGET_NAME)";
				SWIFT_VERSION = 5.0;
			};
			name = Release;
		};
/* End XCBuildConfiguration section */

/* Begin XCConfigurationList section */
		69E0F1672434398700E52E12 /* Build configuration list for PBXProject "StateMachineMacOS" */ = {
			isa = XCConfigurationList;
			buildConfigurations = (
				69E0F1802434398900E52E12 /* Debug */,
				69E0F1812434398900E52E12 /* Release */,
			);
			defaultConfigurationIsVisible = 0;
			defaultConfigurationName = Release;
		};
		69E0F1822434398900E52E12 /* Build configuration list for PBXNativeTarget "StateMachineMacOS" */ = {
			isa = XCConfigurationList;
			buildConfigurations = (
				69E0F1832434398900E52E12 /* Debug */,
				69E0F1842434398900E52E12 /* Release */,
			);
			defaultConfigurationIsVisible = 0;
			defaultConfigurationName = Release;
		};
/* End XCConfigurationList section */
	};
	rootObject = 69E0F1642434398700E52E12 /* Project object */;
}
